// !$*UTF8*$!
{
	archiveVersion = 1;
	classes = {
	};
	objectVersion = 50;
	objects = {

/* Begin PBXBuildFile section */
		97D1E64E20B48C8A009CF234 /* AppDelegate.swift in Sources */ = {isa = PBXBuildFile; fileRef = 97D1E64D20B48C8A009CF234 /* AppDelegate.swift */; };
		97D1E65020B48C8A009CF234 /* ViewController.swift in Sources */ = {isa = PBXBuildFile; fileRef = 97D1E64F20B48C8A009CF234 /* ViewController.swift */; };
		97D1E65320B48C8A009CF234 /* Main.storyboard in Resources */ = {isa = PBXBuildFile; fileRef = 97D1E65120B48C8A009CF234 /* Main.storyboard */; };
		97D1E65520B48C8B009CF234 /* Assets.xcassets in Resources */ = {isa = PBXBuildFile; fileRef = 97D1E65420B48C8B009CF234 /* Assets.xcassets */; };
		97D1E65820B48C8B009CF234 /* LaunchScreen.storyboard in Resources */ = {isa = PBXBuildFile; fileRef = 97D1E65620B48C8B009CF234 /* LaunchScreen.storyboard */; };
		97D1E66320B48C8B009CF234 /* Tableview_SampleTests.swift in Sources */ = {isa = PBXBuildFile; fileRef = 97D1E66220B48C8B009CF234 /* Tableview_SampleTests.swift */; };
		97D1E66E20B48C8C009CF234 /* Tableview_SampleUITests.swift in Sources */ = {isa = PBXBuildFile; fileRef = 97D1E66D20B48C8C009CF234 /* Tableview_SampleUITests.swift */; };
		97D1E6B220B49A15009CF234 /* TableViewCell.swift in Sources */ = {isa = PBXBuildFile; fileRef = 97D1E6B120B49A15009CF234 /* TableViewCell.swift */; };
/* End PBXBuildFile section */

/* Begin PBXContainerItemProxy section */
		97D1E65F20B48C8B009CF234 /* PBXContainerItemProxy */ = {
			isa = PBXContainerItemProxy;
			containerPortal = 97D1E64220B48C8A009CF234 /* Project object */;
			proxyType = 1;
			remoteGlobalIDString = 97D1E64920B48C8A009CF234;
			remoteInfo = Tableview_Sample;
		};
		97D1E66A20B48C8C009CF234 /* PBXContainerItemProxy */ = {
			isa = PBXContainerItemProxy;
			containerPortal = 97D1E64220B48C8A009CF234 /* Project object */;
			proxyType = 1;
			remoteGlobalIDString = 97D1E64920B48C8A009CF234;
			remoteInfo = Tableview_Sample;
		};
/* End PBXContainerItemProxy section */

/* Begin PBXFileReference section */
		97D1E64A20B48C8A009CF234 /* Tableview_Sample.app */ = {isa = PBXFileReference; explicitFileType = wrapper.application; includeInIndex = 0; path = Tableview_Sample.app; sourceTree = BUILT_PRODUCTS_DIR; };
		97D1E64D20B48C8A009CF234 /* AppDelegate.swift */ = {isa = PBXFileReference; lastKnownFileType = sourcecode.swift; path = AppDelegate.swift; sourceTree = "<group>"; };
		97D1E64F20B48C8A009CF234 /* ViewController.swift */ = {isa = PBXFileReference; lastKnownFileType = sourcecode.swift; path = ViewController.swift; sourceTree = "<group>"; };
		97D1E65220B48C8A009CF234 /* Base */ = {isa = PBXFileReference; lastKnownFileType = file.storyboard; name = Base; path = Base.lproj/Main.storyboard; sourceTree = "<group>"; };
		97D1E65420B48C8B009CF234 /* Assets.xcassets */ = {isa = PBXFileReference; lastKnownFileType = folder.assetcatalog; path = Assets.xcassets; sourceTree = "<group>"; };
		97D1E65720B48C8B009CF234 /* Base */ = {isa = PBXFileReference; lastKnownFileType = file.storyboard; name = Base; path = Base.lproj/LaunchScreen.storyboard; sourceTree = "<group>"; };
		97D1E65920B48C8B009CF234 /* Info.plist */ = {isa = PBXFileReference; lastKnownFileType = text.plist.xml; path = Info.plist; sourceTree = "<group>"; };
		97D1E65E20B48C8B009CF234 /* Tableview_SampleTests.xctest */ = {isa = PBXFileReference; explicitFileType = wrapper.cfbundle; includeInIndex = 0; path = Tableview_SampleTests.xctest; sourceTree = BUILT_PRODUCTS_DIR; };
		97D1E66220B48C8B009CF234 /* Tableview_SampleTests.swift */ = {isa = PBXFileReference; lastKnownFileType = sourcecode.swift; path = Tableview_SampleTests.swift; sourceTree = "<group>"; };
		97D1E66420B48C8B009CF234 /* Info.plist */ = {isa = PBXFileReference; lastKnownFileType = text.plist.xml; path = Info.plist; sourceTree = "<group>"; };
		97D1E66920B48C8C009CF234 /* Tableview_SampleUITests.xctest */ = {isa = PBXFileReference; explicitFileType = wrapper.cfbundle; includeInIndex = 0; path = Tableview_SampleUITests.xctest; sourceTree = BUILT_PRODUCTS_DIR; };
		97D1E66D20B48C8C009CF234 /* Tableview_SampleUITests.swift */ = {isa = PBXFileReference; lastKnownFileType = sourcecode.swift; path = Tableview_SampleUITests.swift; sourceTree = "<group>"; };
		97D1E66F20B48C8C009CF234 /* Info.plist */ = {isa = PBXFileReference; lastKnownFileType = text.plist.xml; path = Info.plist; sourceTree = "<group>"; };
		97D1E6B120B49A15009CF234 /* TableViewCell.swift */ = {isa = PBXFileReference; lastKnownFileType = sourcecode.swift; path = TableViewCell.swift; sourceTree = "<group>"; };
/* End PBXFileReference section */

/* Begin PBXFrameworksBuildPhase section */
		97D1E64720B48C8A009CF234 /* Frameworks */ = {
			isa = PBXFrameworksBuildPhase;
			buildActionMask = 2147483647;
			files = (
			);
			runOnlyForDeploymentPostprocessing = 0;
		};
		97D1E65B20B48C8B009CF234 /* Frameworks */ = {
			isa = PBXFrameworksBuildPhase;
			buildActionMask = 2147483647;
			files = (
			);
			runOnlyForDeploymentPostprocessing = 0;
		};
		97D1E66620B48C8C009CF234 /* Frameworks */ = {
			isa = PBXFrameworksBuildPhase;
			buildActionMask = 2147483647;
			files = (
			);
			runOnlyForDeploymentPostprocessing = 0;
		};
/* End PBXFrameworksBuildPhase section */

/* Begin PBXGroup section */
		97D1E64120B48C8A009CF234 = {
			isa = PBXGroup;
			children = (
				97D1E64C20B48C8A009CF234 /* Tableview_Sample */,
				97D1E66120B48C8B009CF234 /* Tableview_SampleTests */,
				97D1E66C20B48C8C009CF234 /* Tableview_SampleUITests */,
				97D1E64B20B48C8A009CF234 /* Products */,
			);
			sourceTree = "<group>";
		};
		97D1E64B20B48C8A009CF234 /* Products */ = {
			isa = PBXGroup;
			children = (
				97D1E64A20B48C8A009CF234 /* Tableview_Sample.app */,
				97D1E65E20B48C8B009CF234 /* Tableview_SampleTests.xctest */,
				97D1E66920B48C8C009CF234 /* Tableview_SampleUITests.xctest */,
			);
			name = Products;
			sourceTree = "<group>";
		};
		97D1E64C20B48C8A009CF234 /* Tableview_Sample */ = {
			isa = PBXGroup;
			children = (
				97D1E6B120B49A15009CF234 /* TableViewCell.swift */,
				97D1E64D20B48C8A009CF234 /* AppDelegate.swift */,
				97D1E64F20B48C8A009CF234 /* ViewController.swift */,
				97D1E65120B48C8A009CF234 /* Main.storyboard */,
				97D1E65420B48C8B009CF234 /* Assets.xcassets */,
				97D1E65620B48C8B009CF234 /* LaunchScreen.storyboard */,
				97D1E65920B48C8B009CF234 /* Info.plist */,
			);
			path = Tableview_Sample;
			sourceTree = "<group>";
		};
		97D1E66120B48C8B009CF234 /* Tableview_SampleTests */ = {
			isa = PBXGroup;
			children = (
				97D1E66220B48C8B009CF234 /* Tableview_SampleTests.swift */,
				97D1E66420B48C8B009CF234 /* Info.plist */,
			);
			path = Tableview_SampleTests;
			sourceTree = "<group>";
		};
		97D1E66C20B48C8C009CF234 /* Tableview_SampleUITests */ = {
			isa = PBXGroup;
			children = (
				97D1E66D20B48C8C009CF234 /* Tableview_SampleUITests.swift */,
				97D1E66F20B48C8C009CF234 /* Info.plist */,
			);
			path = Tableview_SampleUITests;
			sourceTree = "<group>";
		};
/* End PBXGroup section */

/* Begin PBXNativeTarget section */
		97D1E64920B48C8A009CF234 /* Tableview_Sample */ = {
			isa = PBXNativeTarget;
			buildConfigurationList = 97D1E67220B48C8C009CF234 /* Build configuration list for PBXNativeTarget "Tableview_Sample" */;
			buildPhases = (
				97D1E64620B48C8A009CF234 /* Sources */,
				97D1E64720B48C8A009CF234 /* Frameworks */,
				97D1E64820B48C8A009CF234 /* Resources */,
			);
			buildRules = (
			);
			dependencies = (
			);
			name = Tableview_Sample;
			productName = Tableview_Sample;
			productReference = 97D1E64A20B48C8A009CF234 /* Tableview_Sample.app */;
			productType = "com.apple.product-type.application";
		};
		97D1E65D20B48C8B009CF234 /* Tableview_SampleTests */ = {
			isa = PBXNativeTarget;
			buildConfigurationList = 97D1E67520B48C8C009CF234 /* Build configuration list for PBXNativeTarget "Tableview_SampleTests" */;
			buildPhases = (
				97D1E65A20B48C8B009CF234 /* Sources */,
				97D1E65B20B48C8B009CF234 /* Frameworks */,
				97D1E65C20B48C8B009CF234 /* Resources */,
			);
			buildRules = (
			);
			dependencies = (
				97D1E66020B48C8B009CF234 /* PBXTargetDependency */,
			);
			name = Tableview_SampleTests;
			productName = Tableview_SampleTests;
			productReference = 97D1E65E20B48C8B009CF234 /* Tableview_SampleTests.xctest */;
			productType = "com.apple.product-type.bundle.unit-test";
		};
		97D1E66820B48C8C009CF234 /* Tableview_SampleUITests */ = {
			isa = PBXNativeTarget;
			buildConfigurationList = 97D1E67820B48C8C009CF234 /* Build configuration list for PBXNativeTarget "Tableview_SampleUITests" */;
			buildPhases = (
				97D1E66520B48C8C009CF234 /* Sources */,
				97D1E66620B48C8C009CF234 /* Frameworks */,
				97D1E66720B48C8C009CF234 /* Resources */,
			);
			buildRules = (
			);
			dependencies = (
				97D1E66B20B48C8C009CF234 /* PBXTargetDependency */,
			);
			name = Tableview_SampleUITests;
			productName = Tableview_SampleUITests;
			productReference = 97D1E66920B48C8C009CF234 /* Tableview_SampleUITests.xctest */;
			productType = "com.apple.product-type.bundle.ui-testing";
		};
/* End PBXNativeTarget section */

/* Begin PBXProject section */
		97D1E64220B48C8A009CF234 /* Project object */ = {
			isa = PBXProject;
			attributes = {
				LastSwiftUpdateCheck = 0940;
				LastUpgradeCheck = 0940;
				ORGANIZATIONNAME = "RG Group of Industries";
				TargetAttributes = {
					97D1E64920B48C8A009CF234 = {
						CreatedOnToolsVersion = 9.4;
					};
					97D1E65D20B48C8B009CF234 = {
						CreatedOnToolsVersion = 9.4;
						TestTargetID = 97D1E64920B48C8A009CF234;
					};
					97D1E66820B48C8C009CF234 = {
						CreatedOnToolsVersion = 9.4;
						TestTargetID = 97D1E64920B48C8A009CF234;
					};
				};
			};
			buildConfigurationList = 97D1E64520B48C8A009CF234 /* Build configuration list for PBXProject "Tableview_Sample" */;
			compatibilityVersion = "Xcode 9.3";
			developmentRegion = en;
			hasScannedForEncodings = 0;
			knownRegions = (
				en,
				Base,
			);
			mainGroup = 97D1E64120B48C8A009CF234;
			productRefGroup = 97D1E64B20B48C8A009CF234 /* Products */;
			projectDirPath = "";
			projectRoot = "";
			targets = (
				97D1E64920B48C8A009CF234 /* Tableview_Sample */,
				97D1E65D20B48C8B009CF234 /* Tableview_SampleTests */,
				97D1E66820B48C8C009CF234 /* Tableview_SampleUITests */,
			);
		};
/* End PBXProject section */

/* Begin PBXResourcesBuildPhase section */
		97D1E64820B48C8A009CF234 /* Resources */ = {
			isa = PBXResourcesBuildPhase;
			buildActionMask = 2147483647;
			files = (
				97D1E65820B48C8B009CF234 /* LaunchScreen.storyboard in Resources */,
				97D1E65520B48C8B009CF234 /* Assets.xcassets in Resources */,
				97D1E65320B48C8A009CF234 /* Main.storyboard in Resources */,
			);
			runOnlyForDeploymentPostprocessing = 0;
		};
		97D1E65C20B48C8B009CF234 /* Resources */ = {
			isa = PBXResourcesBuildPhase;
			buildActionMask = 2147483647;
			files = (
			);
			runOnlyForDeploymentPostprocessing = 0;
		};
		97D1E66720B48C8C009CF234 /* Resources */ = {
			isa = PBXResourcesBuildPhase;
			buildActionMask = 2147483647;
			files = (
			);
			runOnlyForDeploymentPostprocessing = 0;
		};
/* End PBXResourcesBuildPhase section */

/* Begin PBXSourcesBuildPhase section */
		97D1E64620B48C8A009CF234 /* Sources */ = {
			isa = PBXSourcesBuildPhase;
			buildActionMask = 2147483647;
			files = (
				97D1E6B220B49A15009CF234 /* TableViewCell.swift in Sources */,
				97D1E65020B48C8A009CF234 /* ViewController.swift in Sources */,
				97D1E64E20B48C8A009CF234 /* AppDelegate.swift in Sources */,
			);
			runOnlyForDeploymentPostprocessing = 0;
		};
		97D1E65A20B48C8B009CF234 /* Sources */ = {
			isa = PBXSourcesBuildPhase;
			buildActionMask = 2147483647;
			files = (
				97D1E66320B48C8B009CF234 /* Tableview_SampleTests.swift in Sources */,
			);
			runOnlyForDeploymentPostprocessing = 0;
		};
		97D1E66520B48C8C009CF234 /* Sources */ = {
			isa = PBXSourcesBuildPhase;
			buildActionMask = 2147483647;
			files = (
				97D1E66E20B48C8C009CF234 /* Tableview_SampleUITests.swift in Sources */,
			);
			runOnlyForDeploymentPostprocessing = 0;
		};
/* End PBXSourcesBuildPhase section */

/* Begin PBXTargetDependency section */
		97D1E66020B48C8B009CF234 /* PBXTargetDependency */ = {
			isa = PBXTargetDependency;
			target = 97D1E64920B48C8A009CF234 /* Tableview_Sample */;
			targetProxy = 97D1E65F20B48C8B009CF234 /* PBXContainerItemProxy */;
		};
		97D1E66B20B48C8C009CF234 /* PBXTargetDependency */ = {
			isa = PBXTargetDependency;
			target = 97D1E64920B48C8A009CF234 /* Tableview_Sample */;
			targetProxy = 97D1E66A20B48C8C009CF234 /* PBXContainerItemProxy */;
		};
/* End PBXTargetDependency section */

/* Begin PBXVariantGroup section */
		97D1E65120B48C8A009CF234 /* Main.storyboard */ = {
			isa = PBXVariantGroup;
			children = (
				97D1E65220B48C8A009CF234 /* Base */,
			);
			name = Main.storyboard;
			sourceTree = "<group>";
		};
		97D1E65620B48C8B009CF234 /* LaunchScreen.storyboard */ = {
			isa = PBXVariantGroup;
			children = (
				97D1E65720B48C8B009CF234 /* Base */,
			);
			name = LaunchScreen.storyboard;
			sourceTree = "<group>";
		};
/* End PBXVariantGroup section */

/* Begin XCBuildConfiguration section */
		97D1E67020B48C8C009CF234 /* Debug */ = {
			isa = XCBuildConfiguration;
			buildSettings = {
				ALWAYS_SEARCH_USER_PATHS = NO;
				CLANG_ANALYZER_NONNULL = YES;
				CLANG_ANALYZER_NUMBER_OBJECT_CONVERSION = YES_AGGRESSIVE;
				CLANG_CXX_LANGUAGE_STANDARD = "gnu++14";
				CLANG_CXX_LIBRARY = "libc++";
				CLANG_ENABLE_MODULES = YES;
				CLANG_ENABLE_OBJC_ARC = YES;
				CLANG_ENABLE_OBJC_WEAK = YES;
				CLANG_WARN_BLOCK_CAPTURE_AUTORELEASING = YES;
				CLANG_WARN_BOOL_CONVERSION = YES;
				CLANG_WARN_COMMA = YES;
				CLANG_WARN_CONSTANT_CONVERSION = YES;
				CLANG_WARN_DEPRECATED_OBJC_IMPLEMENTATIONS = YES;
				CLANG_WARN_DIRECT_OBJC_ISA_USAGE = YES_ERROR;
				CLANG_WARN_DOCUMENTATION_COMMENTS = YES;
				CLANG_WARN_EMPTY_BODY = YES;
				CLANG_WARN_ENUM_CONVERSION = YES;
				CLANG_WARN_INFINITE_RECURSION = YES;
				CLANG_WARN_INT_CONVERSION = YES;
				CLANG_WARN_NON_LITERAL_NULL_CONVERSION = YES;
				CLANG_WARN_OBJC_IMPLICIT_RETAIN_SELF = YES;
				CLANG_WARN_OBJC_LITERAL_CONVERSION = YES;
				CLANG_WARN_OBJC_ROOT_CLASS = YES_ERROR;
				CLANG_WARN_RANGE_LOOP_ANALYSIS = YES;
				CLANG_WARN_STRICT_PROTOTYPES = YES;
				CLANG_WARN_SUSPICIOUS_MOVE = YES;
				CLANG_WARN_UNGUARDED_AVAILABILITY = YES_AGGRESSIVE;
				CLANG_WARN_UNREACHABLE_CODE = YES;
				CLANG_WARN__DUPLICATE_METHOD_MATCH = YES;
				CODE_SIGN_IDENTITY = "iPhone Developer";
				COPY_PHASE_STRIP = NO;
				DEBUG_INFORMATION_FORMAT = dwarf;
				ENABLE_STRICT_OBJC_MSGSEND = YES;
				ENABLE_TESTABILITY = YES;
				GCC_C_LANGUAGE_STANDARD = gnu11;
				GCC_DYNAMIC_NO_PIC = NO;
				GCC_NO_COMMON_BLOCKS = YES;
				GCC_OPTIMIZATION_LEVEL = 0;
				GCC_PREPROCESSOR_DEFINITIONS = (
					"DEBUG=1",
					"$(inherited)",
				);
				GCC_WARN_64_TO_32_BIT_CONVERSION = YES;
				GCC_WARN_ABOUT_RETURN_TYPE = YES_ERROR;
				GCC_WARN_UNDECLARED_SELECTOR = YES;
				GCC_WARN_UNINITIALIZED_AUTOS = YES_AGGRESSIVE;
				GCC_WARN_UNUSED_FUNCTION = YES;
				GCC_WARN_UNUSED_VARIABLE = YES;
				IPHONEOS_DEPLOYMENT_TARGET = 11.4;
				MTL_ENABLE_DEBUG_INFO = YES;
				ONLY_ACTIVE_ARCH = YES;
				SDKROOT = iphoneos;
				SWIFT_ACTIVE_COMPILATION_CONDITIONS = DEBUG;
				SWIFT_OPTIMIZATION_LEVEL = "-Onone";
			};
			name = Debug;
		};
		97D1E67120B48C8C009CF234 /* Release */ = {
			isa = XCBuildConfiguration;
			buildSettings = {
				ALWAYS_SEARCH_USER_PATHS = NO;
				CLANG_ANALYZER_NONNULL = YES;
				CLANG_ANALYZER_NUMBER_OBJECT_CONVERSION = YES_AGGRESSIVE;
				CLANG_CXX_LANGUAGE_STANDARD = "gnu++14";
				CLANG_CXX_LIBRARY = "libc++";
				CLANG_ENABLE_MODULES = YES;
				CLANG_ENABLE_OBJC_ARC = YES;
				CLANG_ENABLE_OBJC_WEAK = YES;
				CLANG_WARN_BLOCK_CAPTURE_AUTORELEASING = YES;
				CLANG_WARN_BOOL_CONVERSION = YES;
				CLANG_WARN_COMMA = YES;
				CLANG_WARN_CONSTANT_CONVERSION = YES;
				CLANG_WARN_DEPRECATED_OBJC_IMPLEMENTATIONS = YES;
				CLANG_WARN_DIRECT_OBJC_ISA_USAGE = YES_ERROR;
				CLANG_WARN_DOCUMENTATION_COMMENTS = YES;
				CLANG_WARN_EMPTY_BODY = YES;
				CLANG_WARN_ENUM_CONVERSION = YES;
				CLANG_WARN_INFINITE_RECURSION = YES;
				CLANG_WARN_INT_CONVERSION = YES;
				CLANG_WARN_NON_LITERAL_NULL_CONVERSION = YES;
				CLANG_WARN_OBJC_IMPLICIT_RETAIN_SELF = YES;
				CLANG_WARN_OBJC_LITERAL_CONVERSION = YES;
				CLANG_WARN_OBJC_ROOT_CLASS = YES_ERROR;
				CLANG_WARN_RANGE_LOOP_ANALYSIS = YES;
				CLANG_WARN_STRICT_PROTOTYPES = YES;
				CLANG_WARN_SUSPICIOUS_MOVE = YES;
				CLANG_WARN_UNGUARDED_AVAILABILITY = YES_AGGRESSIVE;
				CLANG_WARN_UNREACHABLE_CODE = YES;
				CLANG_WARN__DUPLICATE_METHOD_MATCH = YES;
				CODE_SIGN_IDENTITY = "iPhone Developer";
				COPY_PHASE_STRIP = NO;
				DEBUG_INFORMATION_FORMAT = "dwarf-with-dsym";
				ENABLE_NS_ASSERTIONS = NO;
				ENABLE_STRICT_OBJC_MSGSEND = YES;
				GCC_C_LANGUAGE_STANDARD = gnu11;
				GCC_NO_COMMON_BLOCKS = YES;
				GCC_WARN_64_TO_32_BIT_CONVERSION = YES;
				GCC_WARN_ABOUT_RETURN_TYPE = YES_ERROR;
				GCC_WARN_UNDECLARED_SELECTOR = YES;
				GCC_WARN_UNINITIALIZED_AUTOS = YES_AGGRESSIVE;
				GCC_WARN_UNUSED_FUNCTION = YES;
				GCC_WARN_UNUSED_VARIABLE = YES;
				IPHONEOS_DEPLOYMENT_TARGET = 11.4;
				MTL_ENABLE_DEBUG_INFO = NO;
				SDKROOT = iphoneos;
				SWIFT_COMPILATION_MODE = wholemodule;
				SWIFT_OPTIMIZATION_LEVEL = "-O";
				VALIDATE_PRODUCT = YES;
			};
			name = Release;
		};
		97D1E67320B48C8C009CF234 /* Debug */ = {
			isa = XCBuildConfiguration;
			buildSettings = {
				ASSETCATALOG_COMPILER_APPICON_NAME = AppIcon;
				CODE_SIGN_STYLE = Manual;
				DEVELOPMENT_TEAM = "";
				INFOPLIST_FILE = Tableview_Sample/Info.plist;
				LD_RUNPATH_SEARCH_PATHS = (
					"$(inherited)",
					"@executable_path/Frameworks",
				);
				PRODUCT_BUNDLE_IDENTIFIER = "com.rajaygms.Tableview-Sample";
				PRODUCT_NAME = "$(TARGET_NAME)";
				PROVISIONING_PROFILE_SPECIFIER = "";
				SWIFT_VERSION = 4.0;
				TARGETED_DEVICE_FAMILY = "1,2";
			};
			name = Debug;
		};
		97D1E67420B48C8C009CF234 /* Release */ = {
			isa = XCBuildConfiguration;
			buildSettings = {
				ASSETCATALOG_COMPILER_APPICON_NAME = AppIcon;
				CODE_SIGN_STYLE = Manual;
				DEVELOPMENT_TEAM = "";
				INFOPLIST_FILE = Tableview_Sample/Info.plist;
				LD_RUNPATH_SEARCH_PATHS = (
					"$(inherited)",
					"@executable_path/Frameworks",
				);
				PRODUCT_BUNDLE_IDENTIFIER = "com.rajaygms.Tableview-Sample";
				PRODUCT_NAME = "$(TARGET_NAME)";
				PROVISIONING_PROFILE_SPECIFIER = "";
				SWIFT_VERSION = 4.0;
				TARGETED_DEVICE_FAMILY = "1,2";
			};
			name = Release;
		};
		97D1E67620B48C8C009CF234 /* Debug */ = {
			isa = XCBuildConfiguration;
			buildSettings = {
				ALWAYS_EMBED_SWIFT_STANDARD_LIBRARIES = YES;
				BUNDLE_LOADER = "$(TEST_HOST)";
				CODE_SIGN_STYLE = Automatic;
				INFOPLIST_FILE = Tableview_SampleTests/Info.plist;
				LD_RUNPATH_SEARCH_PATHS = (
					"$(inherited)",
					"@executable_path/Frameworks",
					"@loader_path/Frameworks",
				);
				PRODUCT_BUNDLE_IDENTIFIER = "com.rajaygms.Tableview-SampleTests";
				PRODUCT_NAME = "$(TARGET_NAME)";
				SWIFT_VERSION = 4.0;
				TARGETED_DEVICE_FAMILY = "1,2";
				TEST_HOST = "$(BUILT_PRODUCTS_DIR)/Tableview_Sample.app/Tableview_Sample";
			};
			name = Debug;
		};
		97D1E67720B48C8C009CF234 /* Release */ = {
			isa = XCBuildConfiguration;
			buildSettings = {
				ALWAYS_EMBED_SWIFT_STANDARD_LIBRARIES = YES;
				BUNDLE_LOADER = "$(TEST_HOST)";
				CODE_SIGN_STYLE = Automatic;
				INFOPLIST_FILE = Tableview_SampleTests/Info.plist;
				LD_RUNPATH_SEARCH_PATHS = (
					"$(inherited)",
					"@executable_path/Frameworks",
					"@loader_path/Frameworks",
				);
				PRODUCT_BUNDLE_IDENTIFIER = "com.rajaygms.Tableview-SampleTests";
				PRODUCT_NAME = "$(TARGET_NAME)";
				SWIFT_VERSION = 4.0;
				TARGETED_DEVICE_FAMILY = "1,2";
				TEST_HOST = "$(BUILT_PRODUCTS_DIR)/Tableview_Sample.app/Tableview_Sample";
			};
			name = Release;
		};
		97D1E67920B48C8C009CF234 /* Debug */ = {
			isa = XCBuildConfiguration;
			buildSettings = {
				ALWAYS_EMBED_SWIFT_STANDARD_LIBRARIES = YES;
				CODE_SIGN_STYLE = Automatic;
				INFOPLIST_FILE = Tableview_SampleUITests/Info.plist;
				LD_RUNPATH_SEARCH_PATHS = (
					"$(inherited)",
					"@executable_path/Frameworks",
					"@loader_path/Frameworks",
				);
				PRODUCT_BUNDLE_IDENTIFIER = "com.rajaygms.Tableview-SampleUITests";
				PRODUCT_NAME = "$(TARGET_NAME)";
				SWIFT_VERSION = 4.0;
				TARGETED_DEVICE_FAMILY = "1,2";
				TEST_TARGET_NAME = Tableview_Sample;
			};
			name = Debug;
		};
		97D1E67A20B48C8C009CF234 /* Release */ = {
			isa = XCBuildConfiguration;
			buildSettings = {
				ALWAYS_EMBED_SWIFT_STANDARD_LIBRARIES = YES;
				CODE_SIGN_STYLE = Automatic;
				INFOPLIST_FILE = Tableview_SampleUITests/Info.plist;
				LD_RUNPATH_SEARCH_PATHS = (
					"$(inherited)",
					"@executable_path/Frameworks",
					"@loader_path/Frameworks",
				);
				PRODUCT_BUNDLE_IDENTIFIER = "com.rajaygms.Tableview-SampleUITests";
				PRODUCT_NAME = "$(TARGET_NAME)";
				SWIFT_VERSION = 4.0;
				TARGETED_DEVICE_FAMILY = "1,2";
				TEST_TARGET_NAME = Tableview_Sample;
			};
			name = Release;
		};
/* End XCBuildConfiguration section */

/* Begin XCConfigurationList section */
		97D1E64520B48C8A009CF234 /* Build configuration list for PBXProject "Tableview_Sample" */ = {
			isa = XCConfigurationList;
			buildConfigurations = (
				97D1E67020B48C8C009CF234 /* Debug */,
				97D1E67120B48C8C009CF234 /* Release */,
			);
			defaultConfigurationIsVisible = 0;
			defaultConfigurationName = Release;
		};
		97D1E67220B48C8C009CF234 /* Build configuration list for PBXNativeTarget "Tableview_Sample" */ = {
			isa = XCConfigurationList;
			buildConfigurations = (
				97D1E67320B48C8C009CF234 /* Debug */,
				97D1E67420B48C8C009CF234 /* Release */,
			);
			defaultConfigurationIsVisible = 0;
			defaultConfigurationName = Release;
		};
		97D1E67520B48C8C009CF234 /* Build configuration list for PBXNativeTarget "Tableview_SampleTests" */ = {
			isa = XCConfigurationList;
			buildConfigurations = (
				97D1E67620B48C8C009CF234 /* Debug */,
				97D1E67720B48C8C009CF234 /* Release */,
			);
			defaultConfigurationIsVisible = 0;
			defaultConfigurationName = Release;
		};
		97D1E67820B48C8C009CF234 /* Build configuration list for PBXNativeTarget "Tableview_SampleUITests" */ = {
			isa = XCConfigurationList;
			buildConfigurations = (
				97D1E67920B48C8C009CF234 /* Debug */,
				97D1E67A20B48C8C009CF234 /* Release */,
			);
			defaultConfigurationIsVisible = 0;
			defaultConfigurationName = Release;
		};
/* End XCConfigurationList section */
	};
	rootObject = 97D1E64220B48C8A009CF234 /* Project object */;
}
